{
  "version": 4,
  "terraform_version": "1.7.5",
  "serial": 67,
  "lineage": "3ec760f9-a0e4-fbb0-c5c3-333f630c3893",
  "outputs": {},
  "resources": [
    {
      "mode": "managed",
      "type": "google_compute_firewall",
      "name": "default",
      "provider": "provider[\"registry.terraform.io/hashicorp/google\"]",
      "instances": [
        {
          "schema_version": 1,
          "attributes": {
            "allow": [
              {
                "ports": [
                  "30000"
                ],
                "protocol": "tcp"
              }
            ],
            "creation_timestamp": "2024-05-10T21:20:50.406-07:00",
            "deny": [],
            "description": "Allow ports for model deployment",
            "destination_ranges": [],
            "direction": "INGRESS",
            "disabled": false,
            "enable_logging": null,
            "id": "projects/st-project-416913/global/firewalls/firewall-rules",
            "log_config": [],
            "name": "firewall-rules",
            "network": "https://www.googleapis.com/compute/v1/projects/st-project-416913/global/networks/default",
            "priority": 1000,
            "project": "st-project-416913",
            "self_link": "https://www.googleapis.com/compute/v1/projects/st-project-416913/global/firewalls/firewall-rules",
            "source_ranges": null,
            "source_service_accounts": null,
            "source_tags": [
              "web"
            ],
            "target_service_accounts": null,
            "target_tags": null,
            "timeouts": null
          },
          "sensitive_attributes": [],
          "private": "eyJlMmJmYjczMC1lY2FhLTExZTYtOGY4OC0zNDM2M2JjN2M0YzAiOnsiY3JlYXRlIjoxMjAwMDAwMDAwMDAwLCJkZWxldGUiOjEyMDAwMDAwMDAwMDAsInVwZGF0ZSI6MTIwMDAwMDAwMDAwMH0sInNjaGVtYV92ZXJzaW9uIjoiMSJ9"
        }
      ]
    },
    {
      "mode": "managed",
      "type": "google_container_cluster",
      "name": "my-gke",
      "provider": "provider[\"registry.terraform.io/hashicorp/google\"]",
      "instances": [
        {
          "schema_version": 1,
          "attributes": {
            "addons_config": [
              {
                "cloudrun_config": [],
                "config_connector_config": [],
                "dns_cache_config": [],
                "gce_persistent_disk_csi_driver_config": [
                  {
                    "enabled": true
                  }
                ],
                "gcp_filestore_csi_driver_config": [],
                "gcs_fuse_csi_driver_config": [],
                "gke_backup_agent_config": [],
                "horizontal_pod_autoscaling": [],
                "http_load_balancing": [],
                "network_policy_config": [
                  {
                    "disabled": true
                  }
                ]
              }
            ],
            "allow_net_admin": null,
            "authenticator_groups_config": [],
            "binary_authorization": [
              {
                "enabled": false,
                "evaluation_mode": ""
              }
            ],
            "cluster_autoscaling": [
              {
                "auto_provisioning_defaults": [],
                "enabled": false,
                "resource_limits": []
              }
            ],
            "cluster_ipv4_cidr": "10.0.0.0/14",
            "confidential_nodes": [],
            "cost_management_config": [],
            "database_encryption": [
              {
                "key_name": "",
                "state": "DECRYPTED"
              }
            ],
            "datapath_provider": "",
            "default_max_pods_per_node": null,
            "default_snat_status": [
              {
                "disabled": false
              }
            ],
            "description": "",
            "dns_config": [],
            "enable_autopilot": false,
            "enable_binary_authorization": false,
            "enable_intranode_visibility": false,
            "enable_k8s_beta_apis": [],
            "enable_kubernetes_alpha": false,
            "enable_l4_ilb_subsetting": false,
            "enable_legacy_abac": false,
            "enable_shielded_nodes": true,
            "enable_tpu": false,
            "endpoint": "34.87.121.134",
            "gateway_api_config": [],
            "id": "projects/st-project-416913/locations/asia-southeast1/clusters/st-project-416913-gke",
            "initial_node_count": 1,
            "ip_allocation_policy": [],
            "label_fingerprint": "a9dc16a7",
            "location": "asia-southeast1",
            "logging_config": [
              {
                "enable_components": [
                  "SYSTEM_COMPONENTS",
                  "WORKLOADS"
                ]
              }
            ],
            "logging_service": "logging.googleapis.com/kubernetes",
            "maintenance_policy": [],
            "master_auth": [
              {
                "client_certificate": "",
                "client_certificate_config": [
                  {
                    "issue_client_certificate": false
                  }
                ],
                "client_key": "",
                "cluster_ca_certificate": "LS0tLS1CRUdJTiBDRVJUSUZJQ0FURS0tLS0tCk1JSUVMVENDQXBXZ0F3SUJBZ0lSQU1sNllDRXhJUWIrdU5xOXBWWW8reG93RFFZSktvWklodmNOQVFFTEJRQXcKTHpFdE1Dc0dBMVVFQXhNa1ltTTRaalkxWWpJdFlUSTNPQzAwTmpsa0xUazFPVFV0TlRReFptWmlaRGhsWm1JegpNQ0FYRFRJME1EVXhNVEF6TWpBMU1Gb1lEekl3TlRRd05UQTBNRFF5TURVd1dqQXZNUzB3S3dZRFZRUURFeVJpCll6aG1OalZpTWkxaE1qYzRMVFEyT1dRdE9UVTVOUzAxTkRGbVptSmtPR1ZtWWpNd2dnR2lNQTBHQ1NxR1NJYjMKRFFFQkFRVUFBNElCandBd2dnR0tBb0lCZ1FDNDE3NHJMZ0w4ZkdBczZXQkhFNWRVT0ZQV0RRRC9aZ05hU3FIKwpQaXN4UHZLREc5dnNSejgzT3FJRzNudlh3RnBMVVJ5M3cvZWpaRHNrZDl0ZzNDTGRxQXI0cUFmbDJHVWxERldZCkdvU2Jsd1VyV2pybEVPNEdPYW1zN2FpYk5aSFhXVTB6UmNQdWcrcW5SMGttV2tlL3hwbDFZRGNGaXZ6cEVvMGIKTzFyN2dJNlBuakxSZS9ia3AzWFRhU0ZwVXFXMmdCOWtmSFFkOW80SWExNEh1YTFwcm5GSXRMU1RkOGtmMXo3VQpXclVPVjk0TGpic0U3RWc5QW5rcVl4RW5xRHVwK0hYOEpKclZ1enZtN0ZuYnduQUJkbDZTWnhVVm02cDBKL282Cis1RFpOVXVaSi9SWjNLdi9ZTmR5R21lL0hzLzIwU3VNajZPSjFKUytoRnpGMkZNNGZFNFdhQklndGxJMFkwNHEKSEhDcVRpRTh3R0RudFU3YTNMTk9GdkltcFl5T1cxc21WMVlrdjJvRW82NGd2ZG9GM1dNcTBMWmtTTjdrVXVEMgpRcmEyQ01WYWtOamhoT0Z4WkhhMCtaZjBvcVpaU2lzSDFKY1Y3ZmVaayttd1p6VG5zV3dxQno4QjRNY3FaV0JjClViTDRtVU5sQjFVeVFpSlpWM3dLL2FQeXZta0NBd0VBQWFOQ01FQXdEZ1lEVlIwUEFRSC9CQVFEQWdJRU1BOEcKQTFVZEV3RUIvd1FGTUFNQkFmOHdIUVlEVlIwT0JCWUVGQUkwY2lrbUd3YmpYMGl1emw3VVdsOG5QSWtwTUEwRwpDU3FHU0liM0RRRUJDd1VBQTRJQmdRQkJsamk1RldoUUs5SHBpQWhRQW9nWFdmdVNCZVQ1L1JHd3Z2V2RHMWNUCjNVYk5qVU9UaFRrUkRsdUpIVEFmakRkV3JNd3U0UW94NzhmMWw0TWxvR2graTFMekdiSUt4UFA2TmVlVGppOUQKb201R2NTWG9POUNIMklJNEI3NlpwVVBXWHhQMDB6WE5MaCtWbjEyK2tBUkpKbUFQMHB0RlhVQ2hkZFJQNzIyegoyYTMxb1hPRTMyemxHQTlaellZU0VaWVBDNzdOeUQ1NE9SVFhGb25nbVF5bTlmcFQyYXdPUjFxTzQybmZaOTI4CmR2V2NRYmNVUjhQbmI0WXV5YzEzb3dWR2wvZkw4UllWYlZ2aWFPdmV1cTdKWFgvYUxLWXlZcmsrdkZEUWY2dk8KUDk3N3lSNGxZZjYyYmx6eGhvUE1tOHk2V0xDMHBXVzczcFRzbVdQQzBVS2dpbFZmTVdMT1JvWllPdGwrc3VYUgpyeXdibXpQTUFkT0hLWmYxR2tvQmxCQmVIam83NlpvTFQrd2tjb29LaTgrdEdPaVZYbHhWWmFPZHFGUDZHamxsCjlGMHVKaU83RDJ3ZEZQbTlSRER1NDB1UjA2Y3ZXb3FqVFp4SW5FNENVYzllL0Y0UHJCS1IvSTJGb1lJUkhWNE4KVGNqVlpTOHdzTDZGK3FDLzRsMHJsMDQ9Ci0tLS0tRU5EIENFUlRJRklDQVRFLS0tLS0K"
              }
            ],
            "master_authorized_networks_config": [],
            "master_version": "1.28.7-gke.1026000",
            "mesh_certificates": [],
            "min_master_version": null,
            "monitoring_config": [
              {
                "advanced_datapath_observability_config": [
                  {
                    "enable_metrics": false,
                    "relay_mode": ""
                  }
                ],
                "enable_components": [
                  "SYSTEM_COMPONENTS"
                ],
                "managed_prometheus": [
                  {
                    "enabled": true
                  }
                ]
              }
            ],
            "monitoring_service": "monitoring.googleapis.com/kubernetes",
            "name": "st-project-416913-gke",
            "network": "projects/st-project-416913/global/networks/default",
            "network_policy": [
              {
                "enabled": false,
                "provider": "PROVIDER_UNSPECIFIED"
              }
            ],
            "networking_mode": "ROUTES",
            "node_config": [],
            "node_locations": [
              "asia-southeast1-a"
            ],
            "node_pool": [],
            "node_pool_defaults": [
              {
                "node_config_defaults": [
                  {
                    "logging_variant": "DEFAULT"
                  }
                ]
              }
            ],
            "node_version": "1.28.7-gke.1026000",
            "notification_config": [
              {
                "pubsub": [
                  {
                    "enabled": false,
                    "filter": [],
                    "topic": ""
                  }
                ]
              }
            ],
            "operation": null,
            "private_cluster_config": [
              {
                "enable_private_endpoint": false,
                "enable_private_nodes": false,
                "master_global_access_config": [
                  {
                    "enabled": false
                  }
                ],
                "master_ipv4_cidr_block": "",
                "peering_name": "",
                "private_endpoint": "10.148.0.48",
                "private_endpoint_subnetwork": "",
                "public_endpoint": "34.87.121.134"
              }
            ],
            "private_ipv6_google_access": "",
            "project": "st-project-416913",
            "release_channel": [
              {
                "channel": "REGULAR"
              }
            ],
            "remove_default_node_pool": true,
            "resource_labels": null,
            "resource_usage_export_config": [],
            "security_posture_config": [
              {
                "mode": "BASIC",
                "vulnerability_mode": "VULNERABILITY_MODE_UNSPECIFIED"
              }
            ],
            "self_link": "https://container.googleapis.com/v1/projects/st-project-416913/locations/asia-southeast1/clusters/st-project-416913-gke",
            "service_external_ips_config": [
              {
                "enabled": false
              }
            ],
            "services_ipv4_cidr": "10.3.240.0/20",
            "subnetwork": "projects/st-project-416913/regions/asia-southeast1/subnetworks/default",
            "timeouts": null,
            "tpu_ipv4_cidr_block": "",
            "vertical_pod_autoscaling": [],
            "workload_identity_config": []
          },
          "sensitive_attributes": [],
          "private": "eyJlMmJmYjczMC1lY2FhLTExZTYtOGY4OC0zNDM2M2JjN2M0YzAiOnsiY3JlYXRlIjoyNDAwMDAwMDAwMDAwLCJkZWxldGUiOjI0MDAwMDAwMDAwMDAsInJlYWQiOjI0MDAwMDAwMDAwMDAsInVwZGF0ZSI6MzYwMDAwMDAwMDAwMH0sInNjaGVtYV92ZXJzaW9uIjoiMSJ9"
        }
      ]
    },
    {
      "mode": "managed",
      "type": "google_container_node_pool",
      "name": "primary_preemptible_nodes",
      "provider": "provider[\"registry.terraform.io/hashicorp/google\"]",
      "instances": [
        {
          "schema_version": 1,
          "attributes": {
            "autoscaling": [],
            "cluster": "st-project-416913-gke",
            "id": "projects/st-project-416913/locations/asia-southeast1/clusters/st-project-416913-gke/nodePools/node-pool",
            "initial_node_count": 1,
            "instance_group_urls": [
              "https://www.googleapis.com/compute/v1/projects/st-project-416913/zones/asia-southeast1-a/instanceGroupManagers/gke-st-project-416913-gke-node-pool-7a58e955-grp"
            ],
            "location": "asia-southeast1",
            "managed_instance_group_urls": [
              "https://www.googleapis.com/compute/v1/projects/st-project-416913/zones/asia-southeast1-a/instanceGroups/gke-st-project-416913-gke-node-pool-7a58e955-grp"
            ],
            "management": [
              {
                "auto_repair": true,
                "auto_upgrade": true
              }
            ],
            "max_pods_per_node": null,
            "name": "node-pool",
            "name_prefix": "",
            "network_config": [
              {
                "create_pod_range": false,
                "enable_private_nodes": false,
                "pod_cidr_overprovision_config": [],
                "pod_ipv4_cidr_block": "",
                "pod_range": ""
              }
            ],
            "node_config": [
              {
                "advanced_machine_features": [],
                "boot_disk_kms_key": "",
                "disk_size_gb": 100,
                "disk_type": "pd-balanced",
                "ephemeral_storage_local_ssd_config": [],
                "gcfs_config": [],
                "guest_accelerator": [],
                "gvnic": [],
                "host_maintenance_policy": [],
                "image_type": "COS_CONTAINERD",
                "kubelet_config": [],
                "labels": {},
                "linux_node_config": [],
                "local_nvme_ssd_block_config": [],
                "local_ssd_count": 0,
                "logging_variant": "DEFAULT",
                "machine_type": "n2-standard-2",
                "metadata": {
                  "disable-legacy-endpoints": "true"
                },
                "min_cpu_platform": "",
                "node_group": "",
                "oauth_scopes": [
                  "https://www.googleapis.com/auth/devstorage.read_only",
                  "https://www.googleapis.com/auth/logging.write",
                  "https://www.googleapis.com/auth/monitoring",
                  "https://www.googleapis.com/auth/service.management.readonly",
                  "https://www.googleapis.com/auth/servicecontrol",
                  "https://www.googleapis.com/auth/trace.append"
                ],
                "preemptible": true,
                "reservation_affinity": [],
                "resource_labels": null,
                "service_account": "default",
                "shielded_instance_config": [
                  {
                    "enable_integrity_monitoring": true,
                    "enable_secure_boot": false
                  }
                ],
                "sole_tenant_config": [],
                "spot": false,
                "tags": null,
                "taint": [],
                "workload_metadata_config": []
              }
            ],
            "node_count": 1,
            "node_locations": [
              "asia-southeast1-a"
            ],
            "operation": null,
            "placement_policy": [],
            "project": "st-project-416913",
            "timeouts": null,
            "upgrade_settings": [
              {
                "blue_green_settings": [],
                "max_surge": 1,
                "max_unavailable": 0,
                "strategy": "SURGE"
              }
            ],
            "version": "1.28.7-gke.1026000"
          },
          "sensitive_attributes": [],
          "private": "eyJlMmJmYjczMC1lY2FhLTExZTYtOGY4OC0zNDM2M2JjN2M0YzAiOnsiY3JlYXRlIjoxODAwMDAwMDAwMDAwLCJkZWxldGUiOjE4MDAwMDAwMDAwMDAsInVwZGF0ZSI6MTgwMDAwMDAwMDAwMH0sInNjaGVtYV92ZXJzaW9uIjoiMSJ9",
          "dependencies": [
            "google_container_cluster.my-gke"
          ]
        }
      ]
    }
  ],
  "check_results": null
}
